
Microsoft Visual Studio Solution File, Format Version 12.00
# Visual Studio Version 17
VisualStudioVersion = 17.12.35506.116
MinimumVisualStudioVersion = 10.0.40219.1
Project("{FAE04EC0-301F-11D3-BF4B-00C04F79EFBC}") = "Nvovka.CommandManager.Api", "src\Nvovka.CommandManager.Api\Nvovka.CommandManager.Api.csproj", "{2D0B044C-BB32-411F-87A3-B7611F64F154}"
EndProject
Project("{FAE04EC0-301F-11D3-BF4B-00C04F79EFBC}") = "Nvovka.CommandManager.Worker", "src\Nvovka.CommandManager.Worker\Nvovka.CommandManager.Worker.csproj", "{A331C85D-2755-49A2-AFDB-111F4780889F}"
EndProject
Project("{FAE04EC0-301F-11D3-BF4B-00C04F79EFBC}") = "Nvovka.CommandManager.Contract", "src\Nvovka.CommandManager.Contract\Nvovka.CommandManager.Contract.csproj", "{BF4BB6FA-E8FF-4BA6-8D37-C8589B8807D5}"
EndProject
Project("{FAE04EC0-301F-11D3-BF4B-00C04F79EFBC}") = "Nvovka.CommandManager.Data", "src\Nvovka.CommandManager.Data\Nvovka.CommandManager.Data.csproj", "{F3E63677-08D6-4816-B262-58A77A97A6C5}"
EndProject
Project("{FAE04EC0-301F-11D3-BF4B-00C04F79EFBC}") = "Nvovka.CommandManager.Commands", "src\Nvovka.CommandManager.Commands\Nvovka.CommandManager.Commands.csproj", "{9EDA4D13-8734-4F00-A865-0C2208B62153}"
EndProject
Project("{2150E333-8FDC-42A3-9474-1A3956D46DE8}") = "test", "test", "{C28404AB-4921-4976-9A2A-AF96FC922E31}"
EndProject
Project("{E53339B2-1760-4266-BCC7-CA923CBCF16C}") = "docker-compose", "docker-compose.dcproj", "{3C832936-3976-4D29-8C52-E7211DDF7C2F}"
EndProject
Project("{FAE04EC0-301F-11D3-BF4B-00C04F79EFBC}") = "Nvovka.CommandManager.Worker.Tests", "tests\Nvovka.CommandManager.Worker.Tests\Nvovka.CommandManager.Worker.Tests.csproj", "{2760B30B-A474-4E3B-BE73-5FEE6BA8FADC}"
EndProject
Project("{2150E333-8FDC-42A3-9474-1A3956D46DE8}") = "Solution Items", "Solution Items", "{0BDE36A3-A95F-4022-9E2D-C4CA6315FF9D}"
	ProjectSection(SolutionItems) = preProject
		.editorconfig = .editorconfig
	EndProjectSection
EndProject
Project("{FAE04EC0-301F-11D3-BF4B-00C04F79EFBC}") = "Nvovka.CommandManager.Authentication", "src\Nvovka.CommandManager.Authentication\Nvovka.CommandManager.Authentication.csproj", "{A513379E-04AE-4060-A5DE-94D619CF222D}"
EndProject
Global
	GlobalSection(SolutionConfigurationPlatforms) = preSolution
		Debug|Any CPU = Debug|Any CPU
		Release|Any CPU = Release|Any CPU
	EndGlobalSection
	GlobalSection(ProjectConfigurationPlatforms) = postSolution
		{2D0B044C-BB32-411F-87A3-B7611F64F154}.Debug|Any CPU.ActiveCfg = Debug|Any CPU
		{2D0B044C-BB32-411F-87A3-B7611F64F154}.Debug|Any CPU.Build.0 = Debug|Any CPU
		{2D0B044C-BB32-411F-87A3-B7611F64F154}.Release|Any CPU.ActiveCfg = Release|Any CPU
		{2D0B044C-BB32-411F-87A3-B7611F64F154}.Release|Any CPU.Build.0 = Release|Any CPU
		{A331C85D-2755-49A2-AFDB-111F4780889F}.Debug|Any CPU.ActiveCfg = Debug|Any CPU
		{A331C85D-2755-49A2-AFDB-111F4780889F}.Debug|Any CPU.Build.0 = Debug|Any CPU
		{A331C85D-2755-49A2-AFDB-111F4780889F}.Release|Any CPU.ActiveCfg = Release|Any CPU
		{A331C85D-2755-49A2-AFDB-111F4780889F}.Release|Any CPU.Build.0 = Release|Any CPU
		{BF4BB6FA-E8FF-4BA6-8D37-C8589B8807D5}.Debug|Any CPU.ActiveCfg = Debug|Any CPU
		{BF4BB6FA-E8FF-4BA6-8D37-C8589B8807D5}.Debug|Any CPU.Build.0 = Debug|Any CPU
		{BF4BB6FA-E8FF-4BA6-8D37-C8589B8807D5}.Release|Any CPU.ActiveCfg = Release|Any CPU
		{BF4BB6FA-E8FF-4BA6-8D37-C8589B8807D5}.Release|Any CPU.Build.0 = Release|Any CPU
		{F3E63677-08D6-4816-B262-58A77A97A6C5}.Debug|Any CPU.ActiveCfg = Debug|Any CPU
		{F3E63677-08D6-4816-B262-58A77A97A6C5}.Debug|Any CPU.Build.0 = Debug|Any CPU
		{F3E63677-08D6-4816-B262-58A77A97A6C5}.Release|Any CPU.ActiveCfg = Release|Any CPU
		{F3E63677-08D6-4816-B262-58A77A97A6C5}.Release|Any CPU.Build.0 = Release|Any CPU
		{9EDA4D13-8734-4F00-A865-0C2208B62153}.Debug|Any CPU.ActiveCfg = Debug|Any CPU
		{9EDA4D13-8734-4F00-A865-0C2208B62153}.Debug|Any CPU.Build.0 = Debug|Any CPU
		{9EDA4D13-8734-4F00-A865-0C2208B62153}.Release|Any CPU.ActiveCfg = Release|Any CPU
		{9EDA4D13-8734-4F00-A865-0C2208B62153}.Release|Any CPU.Build.0 = Release|Any CPU
		{3C832936-3976-4D29-8C52-E7211DDF7C2F}.Debug|Any CPU.ActiveCfg = Debug|Any CPU
		{3C832936-3976-4D29-8C52-E7211DDF7C2F}.Debug|Any CPU.Build.0 = Debug|Any CPU
		{3C832936-3976-4D29-8C52-E7211DDF7C2F}.Release|Any CPU.ActiveCfg = Release|Any CPU
		{3C832936-3976-4D29-8C52-E7211DDF7C2F}.Release|Any CPU.Build.0 = Release|Any CPU
		{2760B30B-A474-4E3B-BE73-5FEE6BA8FADC}.Debug|Any CPU.ActiveCfg = Debug|Any CPU
		{2760B30B-A474-4E3B-BE73-5FEE6BA8FADC}.Debug|Any CPU.Build.0 = Debug|Any CPU
		{2760B30B-A474-4E3B-BE73-5FEE6BA8FADC}.Release|Any CPU.ActiveCfg = Release|Any CPU
		{2760B30B-A474-4E3B-BE73-5FEE6BA8FADC}.Release|Any CPU.Build.0 = Release|Any CPU
		{A513379E-04AE-4060-A5DE-94D619CF222D}.Debug|Any CPU.ActiveCfg = Debug|Any CPU
		{A513379E-04AE-4060-A5DE-94D619CF222D}.Debug|Any CPU.Build.0 = Debug|Any CPU
		{A513379E-04AE-4060-A5DE-94D619CF222D}.Release|Any CPU.ActiveCfg = Release|Any CPU
		{A513379E-04AE-4060-A5DE-94D619CF222D}.Release|Any CPU.Build.0 = Release|Any CPU
	EndGlobalSection
	GlobalSection(SolutionProperties) = preSolution
		HideSolutionNode = FALSE
	EndGlobalSection
	GlobalSection(NestedProjects) = preSolution
		{2760B30B-A474-4E3B-BE73-5FEE6BA8FADC} = {C28404AB-4921-4976-9A2A-AF96FC922E31}
	EndGlobalSection
EndGlobal
